
Microsoft Visual Studio Solution File, Format Version 12.00
# Visual Studio Version 16
VisualStudioVersion = 16.0.30114.105
MinimumVisualStudioVersion = 10.0.40219.1
Project("{FAE04EC0-301F-11D3-BF4B-00C04F79EFBC}") = "winner", "winner.csproj", "{7F0A9453-3676-42E7-9664-EB91FACB508C}"
EndProject
Project("{FAE04EC0-301F-11D3-BF4B-00C04F79EFBC}") = "WinnerTest", "WinnerTest\WinnerTest.csproj", "{B2FE7F4F-AB43-431C-861B-FB575700FD44}"
EndProject
Global
	GlobalSection(SolutionConfigurationPlatforms) = preSolution
		Debug|Any CPU = Debug|Any CPU
		Release|Any CPU = Release|Any CPU
	EndGlobalSection
	GlobalSection(SolutionProperties) = preSolution
		HideSolutionNode = FALSE
	EndGlobalSection
	GlobalSection(ProjectConfigurationPlatforms) = postSolution
		{8524CB97-46BE-468E-935B-0C4ED3F953B9}.Debug|Any CPU.ActiveCfg = Debug|Any CPU
		{8524CB97-46BE-468E-935B-0C4ED3F953B9}.Debug|Any CPU.Build.0 = Debug|Any CPU
		{8524CB97-46BE-468E-935B-0C4ED3F953B9}.Release|Any CPU.ActiveCfg = Release|Any CPU
		{8524CB97-46BE-468E-935B-0C4ED3F953B9}.Release|Any CPU.Build.0 = Release|Any CPU
		{7F0A9453-3676-42E7-9664-EB91FACB508C}.Debug|Any CPU.ActiveCfg = Debug|Any CPU
		{7F0A9453-3676-42E7-9664-EB91FACB508C}.Debug|Any CPU.Build.0 = Debug|Any CPU
		{7F0A9453-3676-42E7-9664-EB91FACB508C}.Release|Any CPU.ActiveCfg = Release|Any CPU
		{7F0A9453-3676-42E7-9664-EB91FACB508C}.Release|Any CPU.Build.0 = Release|Any CPU
		{B2FE7F4F-AB43-431C-861B-FB575700FD44}.Debug|Any CPU.ActiveCfg = Debug|Any CPU
		{B2FE7F4F-AB43-431C-861B-FB575700FD44}.Debug|Any CPU.Build.0 = Debug|Any CPU
		{B2FE7F4F-AB43-431C-861B-FB575700FD44}.Release|Any CPU.ActiveCfg = Release|Any CPU
		{B2FE7F4F-AB43-431C-861B-FB575700FD44}.Release|Any CPU.Build.0 = Release|Any CPU
	EndGlobalSection
EndGlobal
